
Microsoft Visual Studio Solution File, Format Version 12.00
# Visual Studio Version 17
VisualStudioVersion = 17.4.33103.184
MinimumVisualStudioVersion = 10.0.40219.1
Project("{FAE04EC0-301F-11D3-BF4B-00C04F79EFBC}") = "MattEland.AI.MLNet.TextClassificationTurtles", "MattEland.AI.MLNet.TextClassificationTurtles\MattEland.AI.MLNet.TextClassificationTurtles.csproj", "{1EBAA5C7-3F93-4BA7-9050-27A28CB0C244}"
EndProject
Global
	GlobalSection(SolutionConfigurationPlatforms) = preSolution
		Debug|Any CPU = Debug|Any CPU
		Release|Any CPU = Release|Any CPU
	EndGlobalSection
	GlobalSection(ProjectConfigurationPlatforms) = postSolution
		{1EBAA5C7-3F93-4BA7-9050-27A28CB0C244}.Debug|Any CPU.ActiveCfg = Debug|Any CPU
		{1EBAA5C7-3F93-4BA7-9050-27A28CB0C244}.Debug|Any CPU.Build.0 = Debug|Any CPU
		{1EBAA5C7-3F93-4BA7-9050-27A28CB0C244}.Release|Any CPU.ActiveCfg = Release|Any CPU
		{1EBAA5C7-3F93-4BA7-9050-27A28CB0C244}.Release|Any CPU.Build.0 = Release|Any CPU
	EndGlobalSection
	GlobalSection(SolutionProperties) = preSolution
		HideSolutionNode = FALSE
	EndGlobalSection
	GlobalSection(ExtensibilityGlobals) = postSolution
		SolutionGuid = {95922141-7E17-4D8E-9B52-81F499755F46}
	EndGlobalSection
EndGlobal
